
Microsoft Visual Studio Solution File, Format Version 12.00
# Visual Studio 15
VisualStudioVersion = 15.0.27703.2035
MinimumVisualStudioVersion = 10.0.40219.1
Project("{8BC9CEB8-8B4A-11D0-8D11-00A0C91BC942}") = "Pet", "Pet\Pet.vcxproj", "{AAB36C22-5606-4352-B755-A0BDC8EF49CE}"
EndProject
Global
	GlobalSection(SolutionConfigurationPlatforms) = preSolution
		Debug|x64 = Debug|x64
		Debug|x86 = Debug|x86
		Release|x64 = Release|x64
		Release|x86 = Release|x86
	EndGlobalSection
	GlobalSection(ProjectConfigurationPlatforms) = postSolution
		{AAB36C22-5606-4352-B755-A0BDC8EF49CE}.Debug|x64.ActiveCfg = Debug|x64
		{AAB36C22-5606-4352-B755-A0BDC8EF49CE}.Debug|x64.Build.0 = Debug|x64
		{AAB36C22-5606-4352-B755-A0BDC8EF49CE}.Debug|x86.ActiveCfg = Debug|Win32
		{AAB36C22-5606-4352-B755-A0BDC8EF49CE}.Debug|x86.Build.0 = Debug|Win32
		{AAB36C22-5606-4352-B755-A0BDC8EF49CE}.Release|x64.ActiveCfg = Release|x64
		{AAB36C22-5606-4352-B755-A0BDC8EF49CE}.Release|x64.Build.0 = Release|x64
		{AAB36C22-5606-4352-B755-A0BDC8EF49CE}.Release|x86.ActiveCfg = Release|Win32
		{AAB36C22-5606-4352-B755-A0BDC8EF49CE}.Release|x86.Build.0 = Release|Win32
	EndGlobalSection
	GlobalSection(SolutionProperties) = preSolution
		HideSolutionNode = FALSE
	EndGlobalSection
	GlobalSection(ExtensibilityGlobals) = postSolution
		SolutionGuid = {B8A2551F-F67C-4B36-9971-6EE8EBEB4DD8}
	EndGlobalSection
EndGlobal
